
Microsoft Visual Studio Solution File, Format Version 12.00
# Visual Studio Version 17
VisualStudioVersion = 17.4.33110.190
MinimumVisualStudioVersion = 10.0.40219.1
Project("{FAE04EC0-301F-11D3-BF4B-00C04F79EFBC}") = "MarsRover", "MarsRover\MarsRover.csproj", "{7FFB6CF4-F9F8-4FBF-98CC-4888385ABFE7}"
EndProject
Global
	GlobalSection(SolutionConfigurationPlatforms) = preSolution
		Debug|Any CPU = Debug|Any CPU
		Release|Any CPU = Release|Any CPU
	EndGlobalSection
	GlobalSection(ProjectConfigurationPlatforms) = postSolution
		{7FFB6CF4-F9F8-4FBF-98CC-4888385ABFE7}.Debug|Any CPU.ActiveCfg = Debug|Any CPU
		{7FFB6CF4-F9F8-4FBF-98CC-4888385ABFE7}.Debug|Any CPU.Build.0 = Debug|Any CPU
		{7FFB6CF4-F9F8-4FBF-98CC-4888385ABFE7}.Release|Any CPU.ActiveCfg = Release|Any CPU
		{7FFB6CF4-F9F8-4FBF-98CC-4888385ABFE7}.Release|Any CPU.Build.0 = Release|Any CPU
	EndGlobalSection
	GlobalSection(SolutionProperties) = preSolution
		HideSolutionNode = FALSE
	EndGlobalSection
	GlobalSection(ExtensibilityGlobals) = postSolution
		SolutionGuid = {AE9F6676-F00C-4C91-A132-AE6CF3294158}
	EndGlobalSection
EndGlobal
